<?xml version="1.0" encoding="utf-8"?>
<Project ToolsVersion="4.0" xmlns="http://schemas.microsoft.com/developer/msbuild/2003">
  <ItemGroup>
    <Filter Include="Base">
      <UniqueIdentifier>{47974e81-ff42-4d0c-8227-fa99f8c69fd2}</UniqueIdentifier>
    </Filter>
    <Filter Include="Resource">
      <UniqueIdentifier>{29c1d6e3-875e-4d01-a01d-0974e170e5c1}</UniqueIdentifier>
    </Filter>
    <Filter Include="Scene">
      <UniqueIdentifier>{d7d56ad3-60f4-40ad-b499-8133f5f75990}</UniqueIdentifier>
    </Filter>
    <Filter Include="MyClass">
      <UniqueIdentifier>{5d0d5dae-649a-4afc-925d-e708a033d453}</UniqueIdentifier>
    </Filter>
    <Filter Include="MyClass\GameSceneManager">
      <UniqueIdentifier>{16da01d1-9308-4dfd-9897-44235304e396}</UniqueIdentifier>
    </Filter>
    <Filter Include="MyClass\EnemyManager">
      <UniqueIdentifier>{d877da3f-f73b-4b65-83c9-8dfdf5ca6b7d}</UniqueIdentifier>
    </Filter>
    <Filter Include="MyClass\PlayerManager">
      <UniqueIdentifier>{8b994392-6c90-4f5c-a765-c1f205668d6a}</UniqueIdentifier>
    </Filter>
    <Filter Include="MyClass\CameraManager">
      <UniqueIdentifier>{b5c7ebcc-3e32-4ac7-be02-6d789d7dfd13}</UniqueIdentifier>
    </Filter>
    <Filter Include="MyClass\GroundManager">
      <UniqueIdentifier>{3484e38c-733b-4580-a58d-5fa05c40e4b3}</UniqueIdentifier>
    </Filter>
    <Filter Include="MyClass\EnumManager">
      <UniqueIdentifier>{9b28ac42-a149-4556-9f5b-83757bd94399}</UniqueIdentifier>
    </Filter>
    <Filter Include="MyClass\EnemyManager\EnemyFactory">
      <UniqueIdentifier>{e110343c-e1ac-4e86-a7ab-b11f37bcd27e}</UniqueIdentifier>
    </Filter>
    <Filter Include="MyClass\Effekseer">
      <UniqueIdentifier>{06a908bf-6f5a-42a5-86d7-51acc9fe576a}</UniqueIdentifier>
    </Filter>
    <Filter Include="MyClass\Observer">
      <UniqueIdentifier>{35f39bf1-15c0-4ecd-93f6-5b782226a252}</UniqueIdentifier>
    </Filter>
    <Filter Include="MyClass\EnemyManager\EnemyFactory\EnemyBase">
      <UniqueIdentifier>{936ec52a-008d-4dc3-89ea-f50e09f99149}</UniqueIdentifier>
    </Filter>
    <Filter Include="MyClass\UIManager">
      <UniqueIdentifier>{21cee7ac-b5a0-40d5-9982-75e62705735b}</UniqueIdentifier>
    </Filter>
    <Filter Include="MyClass\StatusManager">
      <UniqueIdentifier>{6c6c639d-5e5b-4387-8311-b953fd8ddb0c}</UniqueIdentifier>
    </Filter>
    <Filter Include="MyClass\EnemyManager\EnemyFactory\EnemyBase\Slime">
      <UniqueIdentifier>{629d2039-9391-4a80-a176-4eeacbc59399}</UniqueIdentifier>
    </Filter>
    <Filter Include="MyClass\EnemyManager\EnemyFactory\EnemyBase\HighSlime">
      <UniqueIdentifier>{78bee7a9-8ccf-4ed7-88d7-070eda2fd015}</UniqueIdentifier>
    </Filter>
    <Filter Include="MyClass\EnemyManager\EnemyFactory\EnemyBase\StoneStatue">
      <UniqueIdentifier>{070fa7d8-b151-4b6e-bbac-db737d6164e7}</UniqueIdentifier>
    </Filter>
    <Filter Include="MyClass\EnemyManager\EnemyFactory\EnemyBase\FakerLamiel">
      <UniqueIdentifier>{cd53771a-d8ab-4b8c-a891-0e8fa70edf17}</UniqueIdentifier>
    </Filter>
    <Filter Include="MyClass\PlayerManager\PlayerBase">
      <UniqueIdentifier>{da6da9bd-3875-442d-8c5d-50637ea58f13}</UniqueIdentifier>
    </Filter>
    <Filter Include="MyClass\PlayerManager\PlayerBase\PlayerAttack">
      <UniqueIdentifier>{80701191-cb24-4bf8-86c7-db30bf6aa28a}</UniqueIdentifier>
    </Filter>
    <Filter Include="MyClass\RankJudgeManager">
      <UniqueIdentifier>{5ea0a6f1-08f2-4884-bf65-79d62a7c7912}</UniqueIdentifier>
    </Filter>
    <Filter Include="MyClass\Shader">
      <UniqueIdentifier>{c77963d0-7184-491d-86ec-712fe37dec65}</UniqueIdentifier>
    </Filter>
    <Filter Include="MyClass\EnemyManager\EnemyFactory\EnemyBase\StoneStatue\Core">
      <UniqueIdentifier>{5987d9f7-1833-4ea4-92a8-3971b7442bd8}</UniqueIdentifier>
    </Filter>
    <Filter Include="MyClass\AudianceManager">
      <UniqueIdentifier>{c73b9d16-015d-4ff2-8e17-fe45e1349e79}</UniqueIdentifier>
    </Filter>
    <Filter Include="MyClass\AudianceManager\ExplodeMan">
      <UniqueIdentifier>{2e8b76d3-b30b-4091-b1e9-a7aa82c3cf8d}</UniqueIdentifier>
    </Filter>
    <Filter Include="MyClass\DialogueManager">
      <UniqueIdentifier>{22c7b9e1-5606-4f7c-8da4-0c19880adca7}</UniqueIdentifier>
    </Filter>
  </ItemGroup>
  <ItemGroup>
    <ClInclude Include="Base\d3dx12.h">
      <Filter>Base</Filter>
    </ClInclude>
    <ClInclude Include="Base\pch.h">
      <Filter>Base</Filter>
    </ClInclude>
    <ClInclude Include="Base\StepTimer.h">
      <Filter>Base</Filter>
    </ClInclude>
    <ClInclude Include="Base\GameBase.h">
      <Filter>Base</Filter>
    </ClInclude>
    <ClInclude Include="MainScene.h">
      <Filter>Scene</Filter>
    </ClInclude>
    <ClInclude Include="Base\dxtk.h">
      <Filter>Base</Filter>
    </ClInclude>
    <ClInclude Include="Scene.h">
      <Filter>Scene</Filter>
    </ClInclude>
    <ClInclude Include="SceneFactory.h">
      <Filter>Scene</Filter>
    </ClInclude>
    <ClInclude Include="Base\DXTKHelpers.h">
      <Filter>Base</Filter>
    </ClInclude>
    <ClInclude Include="DontDestroyOnLoad.h">
      <Filter>Scene</Filter>
    </ClInclude>
    <ClInclude Include="MyClass\CameraManager\CameraManager.h">
      <Filter>MyClass\CameraManager</Filter>
    </ClInclude>
    <ClInclude Include="MyClass\PlayerManager\PlayerManager.h">
      <Filter>MyClass\PlayerManager</Filter>
    </ClInclude>
    <ClInclude Include="MyClass\GroundManager\GroundManager.h">
      <Filter>MyClass\GroundManager</Filter>
    </ClInclude>
    <ClInclude Include="MyClass\EnemyManager\EnemyManager.h">
      <Filter>MyClass\EnemyManager</Filter>
    </ClInclude>
    <ClInclude Include="MyClass\EnumManager\EnumManager.h">
      <Filter>MyClass\EnumManager</Filter>
    </ClInclude>
    <ClInclude Include="MyClass\EnemyManager\EnemyFactory\EnemyFactory.h">
      <Filter>MyClass\EnemyManager\EnemyFactory</Filter>
    </ClInclude>
    <ClInclude Include="MyClass\Observer\Observer.h">
      <Filter>MyClass\Observer</Filter>
    </ClInclude>
    <ClInclude Include="MyClass\EnemyManager\EnemyFactory\EnemyBase\EnemyBase.h">
      <Filter>MyClass\EnemyManager\EnemyFactory\EnemyBase</Filter>
    </ClInclude>
    <ClInclude Include="MyClass\UIManager\UIManager.h">
      <Filter>MyClass\UIManager</Filter>
    </ClInclude>
    <ClInclude Include="MyClass\StatusManager\StatusManager.h">
      <Filter>MyClass\StatusManager</Filter>
    </ClInclude>
    <ClInclude Include="MyClass\EnemyManager\EnemyFactory\EnemyBase\FakerLamiel\FakerLamiel.h">
      <Filter>MyClass\EnemyManager\EnemyFactory\EnemyBase\FakerLamiel</Filter>
    </ClInclude>
    <ClInclude Include="MyClass\EnemyManager\EnemyFactory\EnemyBase\HighSlime\HighSlime.h">
      <Filter>MyClass\EnemyManager\EnemyFactory\EnemyBase\HighSlime</Filter>
    </ClInclude>
    <ClInclude Include="MyClass\EnemyManager\EnemyFactory\EnemyBase\Slime\Slime.h">
      <Filter>MyClass\EnemyManager\EnemyFactory\EnemyBase\Slime</Filter>
    </ClInclude>
    <ClInclude Include="MyClass\EnemyManager\EnemyFactory\EnemyBase\StoneStatue\StoneStatue.h">
      <Filter>MyClass\EnemyManager\EnemyFactory\EnemyBase\StoneStatue</Filter>
    </ClInclude>
    <ClInclude Include="TitleScene.h">
      <Filter>Scene</Filter>
    </ClInclude>
    <ClInclude Include="ResultScene.h">
      <Filter>Scene</Filter>
    </ClInclude>
    <ClInclude Include="MyClass\PlayerManager\PlayerBase\PlayerBase.h">
      <Filter>MyClass\PlayerManager\PlayerBase</Filter>
    </ClInclude>
    <ClInclude Include="MyClass\PlayerManager\PlayerBase\PlayerAttack\PlayerAttack.h">
      <Filter>MyClass\PlayerManager\PlayerBase\PlayerAttack</Filter>
    </ClInclude>
    <ClInclude Include="MyClass\RankJudgeManager\RankJudgeManager.h">
      <Filter>MyClass\RankJudgeManager</Filter>
    </ClInclude>
    <ClInclude Include="MyClass\EnemyManager\EnemyFactory\EnemyBase\StoneStatue\Core\Core.h">
      <Filter>MyClass\EnemyManager\EnemyFactory\EnemyBase\StoneStatue\Core</Filter>
    </ClInclude>
    <ClInclude Include="Base\DX12Effekseer.h">
      <Filter>MyClass\Effekseer</Filter>
    </ClInclude>
    <ClInclude Include="MyClass\AudianceManager\AudianceManager.h">
      <Filter>MyClass\AudianceManager</Filter>
    </ClInclude>
    <ClInclude Include="MyClass\AudianceManager\ExplodeMan\ExplodeMan.h">
      <Filter>MyClass\AudianceManager\ExplodeMan</Filter>
    </ClInclude>
    <ClInclude Include="MyClass\GameSceneManager\SceneManager.h">
      <Filter>MyClass\GameSceneManager</Filter>
    </ClInclude>
    <ClInclude Include="MyClass\Shader\SpotLight.h">
      <Filter>MyClass\Shader</Filter>
    </ClInclude>
    <ClInclude Include="MyClass\DialogueManager\DialogueManager.h">
      <Filter>MyClass\DialogueManager</Filter>
    </ClInclude>
    <ClInclude Include="MyClass\Shader\TextureLight.h">
      <Filter>MyClass\Shader</Filter>
    </ClInclude>
  </ItemGroup>
  <ItemGroup>
    <ClCompile Include="Base\Main.cpp">
      <Filter>Base</Filter>
    </ClCompile>
    <ClCompile Include="Base\pch.cpp">
      <Filter>Base</Filter>
    </ClCompile>
    <ClCompile Include="Base\GameBase.cpp">
      <Filter>Base</Filter>
    </ClCompile>
    <ClCompile Include="MainScene.cpp">
      <Filter>Scene</Filter>
    </ClCompile>
    <ClCompile Include="MyClass\CameraManager\CameraManager.cpp">
      <Filter>MyClass\CameraManager</Filter>
    </ClCompile>
    <ClCompile Include="MyClass\EnemyManager\EnemyManager.cpp">
      <Filter>MyClass\EnemyManager</Filter>
    </ClCompile>
    <ClCompile Include="MyClass\PlayerManager\PlayerManager.cpp">
      <Filter>MyClass\PlayerManager</Filter>
    </ClCompile>
    <ClCompile Include="MyClass\GroundManager\GroundManager.cpp">
      <Filter>MyClass\GroundManager</Filter>
    </ClCompile>
    <ClCompile Include="MyClass\EnemyManager\EnemyFactory\EnemyFactory.cpp">
      <Filter>MyClass\EnemyManager\EnemyFactory</Filter>
    </ClCompile>
    <ClCompile Include="MyClass\Observer\Observer.cpp">
      <Filter>MyClass\Observer</Filter>
    </ClCompile>
    <ClCompile Include="MyClass\EnemyManager\EnemyFactory\EnemyBase\EnemyBase.cpp">
      <Filter>MyClass\EnemyManager\EnemyFactory\EnemyBase</Filter>
    </ClCompile>
    <ClCompile Include="MyClass\UIManager\UIManager.cpp">
      <Filter>MyClass\UIManager</Filter>
    </ClCompile>
    <ClCompile Include="MyClass\StatusManager\StatusManager.cpp">
      <Filter>MyClass\StatusManager</Filter>
    </ClCompile>
    <ClCompile Include="MyClass\EnemyManager\EnemyFactory\EnemyBase\FakerLamiel\FakerLamiel.cpp">
      <Filter>MyClass\EnemyManager\EnemyFactory\EnemyBase\FakerLamiel</Filter>
    </ClCompile>
    <ClCompile Include="MyClass\EnemyManager\EnemyFactory\EnemyBase\HighSlime\HighSlime.cpp">
      <Filter>MyClass\EnemyManager\EnemyFactory\EnemyBase\HighSlime</Filter>
    </ClCompile>
    <ClCompile Include="MyClass\EnemyManager\EnemyFactory\EnemyBase\Slime\Slime.cpp">
      <Filter>MyClass\EnemyManager\EnemyFactory\EnemyBase\Slime</Filter>
    </ClCompile>
    <ClCompile Include="MyClass\EnemyManager\EnemyFactory\EnemyBase\StoneStatue\StoneStatue.cpp">
      <Filter>MyClass\EnemyManager\EnemyFactory\EnemyBase\StoneStatue</Filter>
    </ClCompile>
    <ClCompile Include="TitleScene.cpp">
      <Filter>Scene</Filter>
    </ClCompile>
    <ClCompile Include="ResultScene.cpp">
      <Filter>Scene</Filter>
    </ClCompile>
    <ClCompile Include="MyClass\PlayerManager\PlayerBase\PlayerBase.cpp">
      <Filter>MyClass\PlayerManager\PlayerBase</Filter>
    </ClCompile>
    <ClCompile Include="MyClass\PlayerManager\PlayerBase\PlayerAttack\PlayerAttack.cpp">
      <Filter>MyClass\PlayerManager\PlayerBase\PlayerAttack</Filter>
    </ClCompile>
    <ClCompile Include="MyClass\RankJudgeManager\RankJudgeManager.cpp">
      <Filter>MyClass\RankJudgeManager</Filter>
    </ClCompile>
    <ClCompile Include="MyClass\EnemyManager\EnemyFactory\EnemyBase\StoneStatue\Core\Core.cpp">
      <Filter>MyClass\EnemyManager\EnemyFactory\EnemyBase\StoneStatue\Core</Filter>
    </ClCompile>
    <ClCompile Include="Base\DX12Effekseer.cpp">
      <Filter>MyClass\Effekseer</Filter>
    </ClCompile>
    <ClCompile Include="MyClass\AudianceManager\AudianceManager.cpp">
      <Filter>MyClass\AudianceManager</Filter>
    </ClCompile>
    <ClCompile Include="MyClass\AudianceManager\ExplodeMan\ExplodeMan.cpp">
      <Filter>MyClass\AudianceManager\ExplodeMan</Filter>
    </ClCompile>
    <ClCompile Include="MyClass\GameSceneManager\SceneManager.cpp">
      <Filter>MyClass\GameSceneManager</Filter>
    </ClCompile>
    <ClCompile Include="MyClass\Shader\SpotLight.cpp">
      <Filter>MyClass\Shader</Filter>
    </ClCompile>
    <ClCompile Include="MyClass\DialogueManager\DialogueManager.cpp">
      <Filter>MyClass\DialogueManager</Filter>
    </ClCompile>
    <ClCompile Include="MyClass\Shader\TextureLight.cpp">
      <Filter>MyClass\Shader</Filter>
    </ClCompile>
  </ItemGroup>
  <ItemGroup>
    <Image Include="Resource\directx.ico">
      <Filter>Resource</Filter>
    </Image>
  </ItemGroup>
  <ItemGroup>
    <ResourceCompile Include="Resource\resource.rc">
      <Filter>Resource</Filter>
    </ResourceCompile>
  </ItemGroup>
  <ItemGroup>
    <Manifest Include="Resource\settings.manifest">
      <Filter>Resource</Filter>
    </Manifest>
  </ItemGroup>
  <ItemGroup>
    <None Include="packages.config" />
  </ItemGroup>
</Project>