<?xml version="1.0" encoding="utf-8"?>
<Project ToolsVersion="4.0" xmlns="http://schemas.microsoft.com/developer/msbuild/2003">
  <ItemGroup>
    <Filter Include="Base">
      <UniqueIdentifier>{47974e81-ff42-4d0c-8227-fa99f8c69fd2}</UniqueIdentifier>
    </Filter>
    <Filter Include="Resource">
      <UniqueIdentifier>{29c1d6e3-875e-4d01-a01d-0974e170e5c1}</UniqueIdentifier>
    </Filter>
    <Filter Include="Scene">
      <UniqueIdentifier>{d7d56ad3-60f4-40ad-b499-8133f5f75990}</UniqueIdentifier>
    </Filter>
    <Filter Include="MyClass">
      <UniqueIdentifier>{5d0d5dae-649a-4afc-925d-e708a033d453}</UniqueIdentifier>
    </Filter>
    <Filter Include="MyClass\GameSceneManager">
      <UniqueIdentifier>{16da01d1-9308-4dfd-9897-44235304e396}</UniqueIdentifier>
    </Filter>
    <Filter Include="MyClass\EnemyManager">
      <UniqueIdentifier>{d877da3f-f73b-4b65-83c9-8dfdf5ca6b7d}</UniqueIdentifier>
    </Filter>
    <Filter Include="MyClass\PlayerManager">
      <UniqueIdentifier>{8b994392-6c90-4f5c-a765-c1f205668d6a}</UniqueIdentifier>
    </Filter>
    <Filter Include="MyClass\CameraManager">
      <UniqueIdentifier>{b5c7ebcc-3e32-4ac7-be02-6d789d7dfd13}</UniqueIdentifier>
    </Filter>
    <Filter Include="MyClass\TextManager">
      <UniqueIdentifier>{5ea0d9d5-4529-4a6f-a920-7a8ef8778487}</UniqueIdentifier>
    </Filter>
    <Filter Include="MyClass\GroundManager">
      <UniqueIdentifier>{3484e38c-733b-4580-a58d-5fa05c40e4b3}</UniqueIdentifier>
    </Filter>
    <Filter Include="MyClass\EnumManager">
      <UniqueIdentifier>{9b28ac42-a149-4556-9f5b-83757bd94399}</UniqueIdentifier>
    </Filter>
    <Filter Include="MyClass\EnemyManager\EnemyFactory">
      <UniqueIdentifier>{e110343c-e1ac-4e86-a7ab-b11f37bcd27e}</UniqueIdentifier>
    </Filter>
    <Filter Include="MyClass\Effekseer">
      <UniqueIdentifier>{06a908bf-6f5a-42a5-86d7-51acc9fe576a}</UniqueIdentifier>
    </Filter>
    <Filter Include="MyClass\Observer">
      <UniqueIdentifier>{35f39bf1-15c0-4ecd-93f6-5b782226a252}</UniqueIdentifier>
    </Filter>
    <Filter Include="MyClass\EnemyManager\EnemyFactory\EnemyBase">
      <UniqueIdentifier>{936ec52a-008d-4dc3-89ea-f50e09f99149}</UniqueIdentifier>
    </Filter>
    <Filter Include="MyClass\EnemyManager\EnemyFactory\EnemyBase\Enemy">
      <UniqueIdentifier>{040a1c7d-45fe-4185-bdcb-889b7306e236}</UniqueIdentifier>
    </Filter>
    <Filter Include="MyClass\PlayerManager\Sword">
      <UniqueIdentifier>{a3baebef-f3af-4943-aeeb-e00222aabf3a}</UniqueIdentifier>
    </Filter>
    <Filter Include="MyClass\ResourceManager">
      <UniqueIdentifier>{c36fb98f-920c-4a13-a671-8695aba703d5}</UniqueIdentifier>
    </Filter>
    <Filter Include="MyClass\MyAlgorithm">
      <UniqueIdentifier>{f2eea4d0-e853-4690-84ee-342ccef86f44}</UniqueIdentifier>
    </Filter>
    <Filter Include="MyClass\UIManager">
      <UniqueIdentifier>{21cee7ac-b5a0-40d5-9982-75e62705735b}</UniqueIdentifier>
    </Filter>
    <Filter Include="MyClass\StatusManager">
      <UniqueIdentifier>{6c6c639d-5e5b-4387-8311-b953fd8ddb0c}</UniqueIdentifier>
    </Filter>
  </ItemGroup>
  <ItemGroup>
    <ClInclude Include="Base\d3dx12.h">
      <Filter>Base</Filter>
    </ClInclude>
    <ClInclude Include="Base\pch.h">
      <Filter>Base</Filter>
    </ClInclude>
    <ClInclude Include="Base\StepTimer.h">
      <Filter>Base</Filter>
    </ClInclude>
    <ClInclude Include="Base\GameBase.h">
      <Filter>Base</Filter>
    </ClInclude>
    <ClInclude Include="MainScene.h">
      <Filter>Scene</Filter>
    </ClInclude>
    <ClInclude Include="Base\dxtk.h">
      <Filter>Base</Filter>
    </ClInclude>
    <ClInclude Include="Scene.h">
      <Filter>Scene</Filter>
    </ClInclude>
    <ClInclude Include="SceneFactory.h">
      <Filter>Scene</Filter>
    </ClInclude>
    <ClInclude Include="Base\DXTKHelpers.h">
      <Filter>Base</Filter>
    </ClInclude>
    <ClInclude Include="DontDestroyOnLoad.h">
      <Filter>Scene</Filter>
    </ClInclude>
    <ClInclude Include="MyClass\CameraManager\CameraManager.h">
      <Filter>MyClass\CameraManager</Filter>
    </ClInclude>
    <ClInclude Include="MyClass\PlayerManager\PlayerManager.h">
      <Filter>MyClass\PlayerManager</Filter>
    </ClInclude>
    <ClInclude Include="MyClass\TextManager\TextManager.h">
      <Filter>MyClass\TextManager</Filter>
    </ClInclude>
    <ClInclude Include="MyClass\GroundManager\GroundManager.h">
      <Filter>MyClass\GroundManager</Filter>
    </ClInclude>
    <ClInclude Include="MyClass\EnemyManager\EnemyManager.h">
      <Filter>MyClass\EnemyManager</Filter>
    </ClInclude>
    <ClInclude Include="MyClass\EnumManager\EnumManager.h">
      <Filter>MyClass\EnumManager</Filter>
    </ClInclude>
    <ClInclude Include="Base\DX12Effekseer.h">
      <Filter>MyClass\Effekseer</Filter>
    </ClInclude>
    <ClInclude Include="MyClass\EnemyManager\EnemyFactory\EnemyFactory.h">
      <Filter>MyClass\EnemyManager\EnemyFactory</Filter>
    </ClInclude>
    <ClInclude Include="MyClass\Observer\Observer.h">
      <Filter>MyClass\Observer</Filter>
    </ClInclude>
    <ClInclude Include="MyClass\EnemyManager\EnemyFactory\EnemyBase\EnemyBase.h">
      <Filter>MyClass\EnemyManager\EnemyFactory\EnemyBase</Filter>
    </ClInclude>
    <ClInclude Include="MyClass\EnemyManager\EnemyFactory\EnemyBase\Enemy\Enemy.h">
      <Filter>MyClass\EnemyManager\EnemyFactory\EnemyBase\Enemy</Filter>
    </ClInclude>
    <ClInclude Include="MyClass\PlayerManager\Sword\Sword.h">
      <Filter>MyClass\PlayerManager\Sword</Filter>
    </ClInclude>
    <ClInclude Include="MyClass\ResourceManager\ResourceManager.h">
      <Filter>MyClass\ResourceManager</Filter>
    </ClInclude>
    <ClInclude Include="MyClass\MyAlgorithm\MyAlgorithm.h">
      <Filter>MyClass\MyAlgorithm</Filter>
    </ClInclude>
    <ClInclude Include="MyClass\UIManager\UIManager.h">
      <Filter>MyClass\UIManager</Filter>
    </ClInclude>
    <ClInclude Include="MyClass\StatusManager\StatusManager.h">
      <Filter>MyClass\StatusManager</Filter>
    </ClInclude>
  </ItemGroup>
  <ItemGroup>
    <ClCompile Include="Base\Main.cpp">
      <Filter>Base</Filter>
    </ClCompile>
    <ClCompile Include="Base\pch.cpp">
      <Filter>Base</Filter>
    </ClCompile>
    <ClCompile Include="Base\GameBase.cpp">
      <Filter>Base</Filter>
    </ClCompile>
    <ClCompile Include="MainScene.cpp">
      <Filter>Scene</Filter>
    </ClCompile>
    <ClCompile Include="MyClass\CameraManager\CameraManager.cpp">
      <Filter>MyClass\CameraManager</Filter>
    </ClCompile>
    <ClCompile Include="MyClass\EnemyManager\EnemyManager.cpp">
      <Filter>MyClass\EnemyManager</Filter>
    </ClCompile>
    <ClCompile Include="MyClass\PlayerManager\PlayerManager.cpp">
      <Filter>MyClass\PlayerManager</Filter>
    </ClCompile>
    <ClCompile Include="MyClass\TextManager\TextManager.cpp">
      <Filter>MyClass\TextManager</Filter>
    </ClCompile>
    <ClCompile Include="MyClass\GroundManager\GroundManager.cpp">
      <Filter>MyClass\GroundManager</Filter>
    </ClCompile>
    <ClCompile Include="Base\DX12Effekseer.cpp">
      <Filter>MyClass\Effekseer</Filter>
    </ClCompile>
    <ClCompile Include="MyClass\EnemyManager\EnemyFactory\EnemyFactory.cpp">
      <Filter>MyClass\EnemyManager\EnemyFactory</Filter>
    </ClCompile>
    <ClCompile Include="MyClass\Observer\Observer.cpp">
      <Filter>MyClass\Observer</Filter>
    </ClCompile>
    <ClCompile Include="MyClass\EnemyManager\EnemyFactory\EnemyBase\EnemyBase.cpp">
      <Filter>MyClass\EnemyManager\EnemyFactory\EnemyBase</Filter>
    </ClCompile>
    <ClCompile Include="MyClass\EnemyManager\EnemyFactory\EnemyBase\Enemy\Enemy.cpp">
      <Filter>MyClass\EnemyManager\EnemyFactory\EnemyBase\Enemy</Filter>
    </ClCompile>
    <ClCompile Include="MyClass\PlayerManager\Sword\Sword.cpp">
      <Filter>MyClass\PlayerManager\Sword</Filter>
    </ClCompile>
    <ClCompile Include="MyClass\ResourceManager\ResourceManager.cpp">
      <Filter>MyClass\ResourceManager</Filter>
    </ClCompile>
    <ClCompile Include="MyClass\UIManager\UIManager.cpp">
      <Filter>MyClass\UIManager</Filter>
    </ClCompile>
    <ClCompile Include="MyClass\StatusManager\StatusManager.cpp">
      <Filter>MyClass\StatusManager</Filter>
    </ClCompile>
  </ItemGroup>
  <ItemGroup>
    <Image Include="Resource\directx.ico">
      <Filter>Resource</Filter>
    </Image>
  </ItemGroup>
  <ItemGroup>
    <ResourceCompile Include="Resource\resource.rc">
      <Filter>Resource</Filter>
    </ResourceCompile>
  </ItemGroup>
  <ItemGroup>
    <Manifest Include="Resource\settings.manifest">
      <Filter>Resource</Filter>
    </Manifest>
  </ItemGroup>
  <ItemGroup>
    <None Include="packages.config" />
  </ItemGroup>
</Project>